// !$*UTF8*$!
{
	archiveVersion = 1;
	classes = {
	};
	objectVersion = 46;
	objects = {

/* Begin PBXBuildFile section */
		9ACBD7F01E281E8000C7EBD2 /* AppDelegate.m in Sources */ = {isa = PBXBuildFile; fileRef = 9ACBD7EF1E281E8000C7EBD2 /* AppDelegate.m */; };
		9ACBD7F31E281E8000C7EBD2 /* main.m in Sources */ = {isa = PBXBuildFile; fileRef = 9ACBD7F21E281E8000C7EBD2 /* main.m */; };
		9ACBD7F61E281E8000C7EBD2 /* ZoneDatosView.h in Sources */ = {isa = PBXBuildFile; fileRef = 9ACBD7F51E281E8000C7EBD2 /* ZoneDatosView.h */; };
		9ACBD7F81E281E8000C7EBD2 /* Assets.xcassets in Resources */ = {isa = PBXBuildFile; fileRef = 9ACBD7F71E281E8000C7EBD2 /* Assets.xcassets */; };
		9ACBD7FB1E281E8000C7EBD2 /* Main.storyboard in Resources */ = {isa = PBXBuildFile; fileRef = 9ACBD7F91E281E8000C7EBD2 /* Main.storyboard */; };
		9B5D4DF41F2E71E10047D0FD /* FindPlusCtrller.m in Sources */ = {isa = PBXBuildFile; fileRef = 9B5D4DF31F2E71E10047D0FD /* FindPlusCtrller.m */; };
		9B5D4DF71F2ED5830047D0FD /* TextQueryPlus.m in Sources */ = {isa = PBXBuildFile; fileRef = 9B5D4DF61F2ED5830047D0FD /* TextQueryPlus.m */; };
		9B6648441F1472BD00653169 /* Copy.png in Resources */ = {isa = PBXBuildFile; fileRef = 9B6648431F1472BD00653169 /* Copy.png */; };
		9BA0276F1F27E4CE003D7308 /* Localizable.strings in Resources */ = {isa = PBXBuildFile; fileRef = 9BA0276D1F27E4CE003D7308 /* Localizable.strings */; };
		9BA027721F281C71003D7308 /* ConjCtrller.m in Sources */ = {isa = PBXBuildFile; fileRef = 9BA027711F281C71003D7308 /* ConjCtrller.m */; };
		9BA0547F1F1C03AA00E30013 /* DictRed.m in Sources */ = {isa = PBXBuildFile; fileRef = 9BA0547E1F1C03AA00E30013 /* DictRed.m */; };
		9BAED3F81E5F5AE20064A0BB /* EntryDict.m in Sources */ = {isa = PBXBuildFile; fileRef = 9BAED3F71E5F5AE20064A0BB /* EntryDict.m */; };
		9BAED3FB1E5F60A00064A0BB /* CronoTime.m in Sources */ = {isa = PBXBuildFile; fileRef = 9BAED3FA1E5F60A00064A0BB /* CronoTime.m */; };
		9BAED3FE1E5F74910064A0BB /* DictIndexes.m in Sources */ = {isa = PBXBuildFile; fileRef = 9BAED3FD1E5F74910064A0BB /* DictIndexes.m */; };
		9BAED4021E5F85550064A0BB /* EntryIndex.m in Sources */ = {isa = PBXBuildFile; fileRef = 9BAED4011E5F85550064A0BB /* EntryIndex.m */; };
		9BB0C47B1F2A9FCB002315F7 /* ConjSimple.m in Sources */ = {isa = PBXBuildFile; fileRef = 9BB0C4761F2A9FCB002315F7 /* ConjSimple.m */; };
		9BB0C47C1F2A9FCB002315F7 /* DatosView.m in Sources */ = {isa = PBXBuildFile; fileRef = 9BB0C4781F2A9FCB002315F7 /* DatosView.m */; };
		9BB0C47D1F2A9FCB002315F7 /* ViewController.m in Sources */ = {isa = PBXBuildFile; fileRef = 9BB0C4791F2A9FCB002315F7 /* ViewController.m */; };
		9BB0C47E1F2A9FCB002315F7 /* ZoneDatosView.m in Sources */ = {isa = PBXBuildFile; fileRef = 9BB0C47A1F2A9FCB002315F7 /* ZoneDatosView.m */; };
		9BB4B19B1F06DE930027A57C /* MngMarks.m in Sources */ = {isa = PBXBuildFile; fileRef = 9BB4B19A1F06DE930027A57C /* MngMarks.m */; };
		9BB86C941F215A630080AD9F /* ClosePanel.png in Resources */ = {isa = PBXBuildFile; fileRef = 9BB86C911F215A630080AD9F /* ClosePanel.png */; };
		9BB86C951F215A630080AD9F /* ConjVerb.png in Resources */ = {isa = PBXBuildFile; fileRef = 9BB86C921F215A630080AD9F /* ConjVerb.png */; };
		9BB86C961F215A630080AD9F /* ConjVerb2.png in Resources */ = {isa = PBXBuildFile; fileRef = 9BB86C931F215A630080AD9F /* ConjVerb2.png */; };
		9BB86C981F21B1D20080AD9F /* OpenPanel.png in Resources */ = {isa = PBXBuildFile; fileRef = 9BB86C971F21B1D20080AD9F /* OpenPanel.png */; };
		9BB9585B1EDCCECA000FF74F /* DelMean.png in Resources */ = {isa = PBXBuildFile; fileRef = 9BB958591EDCCECA000FF74F /* DelMean.png */; };
		9BB9585C1EDCCECA000FF74F /* OpenSust.png in Resources */ = {isa = PBXBuildFile; fileRef = 9BB9585A1EDCCECA000FF74F /* OpenSust.png */; };
		9BB9585E1EDCE8A0000FF74F /* CloseSust.png in Resources */ = {isa = PBXBuildFile; fileRef = 9BB9585D1EDCE8A0000FF74F /* CloseSust.png */; };
		9BBA4FEB1E690CC00031249E /* DelDato.png in Resources */ = {isa = PBXBuildFile; fileRef = 9BBA4FE91E690CC00031249E /* DelDato.png */; };
		9BBA4FEC1E690CC00031249E /* Exchange.png in Resources */ = {isa = PBXBuildFile; fileRef = 9BBA4FEA1E690CC00031249E /* Exchange.png */; };
		9BBAB7091F26B3670012DBA1 /* FindMeans.m in Sources */ = {isa = PBXBuildFile; fileRef = 9BBAB7081F26B3670012DBA1 /* FindMeans.m */; };
		9BC087781F09A72A00194737 /* EntryDesc.m in Sources */ = {isa = PBXBuildFile; fileRef = 9BC087771F09A72A00194737 /* EntryDesc.m */; };
		9BC0AAEE1F0F393C00146460 /* TrdBtn.png in Resources */ = {isa = PBXBuildFile; fileRef = 9BC0AAEC1F0F393C00146460 /* TrdBtn.png */; };
		9BC0AAEF1F0F393C00146460 /* TrdBtn2.png in Resources */ = {isa = PBXBuildFile; fileRef = 9BC0AAED1F0F393C00146460 /* TrdBtn2.png */; };
		9BC0FAE91F2E481E00E40B6B /* AppData.m in Sources */ = {isa = PBXBuildFile; fileRef = 9BC0FAE81F2E481E00E40B6B /* AppData.m */; };
		9BCE4BE51F33F718004EDFD3 /* FindPlus.png in Resources */ = {isa = PBXBuildFile; fileRef = 9BCE4BE21F33F718004EDFD3 /* FindPlus.png */; };
		9BCE4BE61F33F718004EDFD3 /* WrdNext.png in Resources */ = {isa = PBXBuildFile; fileRef = 9BCE4BE31F33F718004EDFD3 /* WrdNext.png */; };
		9BCE4BE71F33F718004EDFD3 /* WrdPrev.png in Resources */ = {isa = PBXBuildFile; fileRef = 9BCE4BE41F33F718004EDFD3 /* WrdPrev.png */; };
		9BD2E7BA1F16CDDB00B1904F /* ApiRed.cpp in Sources */ = {isa = PBXBuildFile; fileRef = 9BD2E7B51F16CDDB00B1904F /* ApiRed.cpp */; };
		9BD2E7BB1F16CDDB00B1904F /* RedWord.cpp in Sources */ = {isa = PBXBuildFile; fileRef = 9BD2E7B61F16CDDB00B1904F /* RedWord.cpp */; };
		9BD2E7BC1F16CDDB00B1904F /* RWDefn.cpp in Sources */ = {isa = PBXBuildFile; fileRef = 9BD2E7B81F16CDDB00B1904F /* RWDefn.cpp */; };
		9BD2E7C61F16CE1200B1904F /* ApiConj.cpp in Sources */ = {isa = PBXBuildFile; fileRef = 9BD2E7BD1F16CE1200B1904F /* ApiConj.cpp */; };
		9BD2E7C71F16CE1200B1904F /* ConjVerb.cpp in Sources */ = {isa = PBXBuildFile; fileRef = 9BD2E7BE1F16CE1200B1904F /* ConjVerb.cpp */; };
		9BD2E7C81F16CE1200B1904F /* Ctabla.cpp in Sources */ = {isa = PBXBuildFile; fileRef = 9BD2E7C01F16CE1200B1904F /* Ctabla.cpp */; };
		9BD2E7C91F16CE1200B1904F /* CVDefn.cpp in Sources */ = {isa = PBXBuildFile; fileRef = 9BD2E7C21F16CE1200B1904F /* CVDefn.cpp */; };
		9BD2E7CA1F16CE1200B1904F /* RefTabla.cpp in Sources */ = {isa = PBXBuildFile; fileRef = 9BD2E7C41F16CE1200B1904F /* RefTabla.cpp */; };
		9BD2E7CF1F16CEB000B1904F /* WinUtil.cpp in Sources */ = {isa = PBXBuildFile; fileRef = 9BD2E7CD1F16CEB000B1904F /* WinUtil.cpp */; };
		9BD2E7D41F16CF5B00B1904F /* UtilFun.cpp in Sources */ = {isa = PBXBuildFile; fileRef = 9BD2E7D21F16CF5B00B1904F /* UtilFun.cpp */; };
		9BD2E7D81F16D08600B1904F /* DictLoad.cpp in Sources */ = {isa = PBXBuildFile; fileRef = 9BD2E7D71F16D08600B1904F /* DictLoad.cpp */; };
		9BD2E7E01F17123200B1904F /* CString.cpp in Sources */ = {isa = PBXBuildFile; fileRef = 9BD2E7DC1F17123200B1904F /* CString.cpp */; };
		9BD2E7E11F17123200B1904F /* StrUtil.cpp in Sources */ = {isa = PBXBuildFile; fileRef = 9BD2E7DE1F17123200B1904F /* StrUtil.cpp */; };
		9BD2E7E81F17128E00B1904F /* ArrayUtil.cpp in Sources */ = {isa = PBXBuildFile; fileRef = 9BD2E7E21F17128E00B1904F /* ArrayUtil.cpp */; };
		9BD2E7E91F17128E00B1904F /* ArrayUtil.inl in Resources */ = {isa = PBXBuildFile; fileRef = 9BD2E7E41F17128E00B1904F /* ArrayUtil.inl */; };
		9BD2E7EA1F17128E00B1904F /* FastHeap.cpp in Sources */ = {isa = PBXBuildFile; fileRef = 9BD2E7E61F17128E00B1904F /* FastHeap.cpp */; };
		9BD2E7ED1F17131800B1904F /* FileUtil.cpp in Sources */ = {isa = PBXBuildFile; fileRef = 9BD2E7EB1F17131800B1904F /* FileUtil.cpp */; };
		9BD2E7F01F17135400B1904F /* Logger.cpp in Sources */ = {isa = PBXBuildFile; fileRef = 9BD2E7EE1F17135400B1904F /* Logger.cpp */; };
		9BD2E7F31F1714CD00B1904F /* ConjCore.mm in Sources */ = {isa = PBXBuildFile; fileRef = 9BD2E7F21F1714CD00B1904F /* ConjCore.mm */; };
		9BDA09881E5E42E9009E8BE0 /* DictMain.m in Sources */ = {isa = PBXBuildFile; fileRef = 9BDA09871E5E42E9009E8BE0 /* DictMain.m */; };
		9BDA098B1E5E4BF7009E8BE0 /* Datos in Resources */ = {isa = PBXBuildFile; fileRef = 9BDA098A1E5E4BF7009E8BE0 /* Datos */; };
		9BDFFE451EEA327000B1C7AB /* TextQuery.m in Sources */ = {isa = PBXBuildFile; fileRef = 9BDFFE441EEA327000B1C7AB /* TextQuery.m */; };
		9BDFFE4B1EEB631800B1C7AB /* SortedIndexs.m in Sources */ = {isa = PBXBuildFile; fileRef = 9BDFFE4A1EEB631800B1C7AB /* SortedIndexs.m */; };
		9BF098801F071FB5006E2747 /* MarkView.m in Sources */ = {isa = PBXBuildFile; fileRef = 9BF0987F1F071FB5006E2747 /* MarkView.m */; };
/* End PBXBuildFile section */

/* Begin PBXFileReference section */
		84AAD1031F8EF40700F1FD36 /* es */ = {isa = PBXFileReference; lastKnownFileType = text.plist.strings; name = es; path = es.lproj/Localizable.strings; sourceTree = "<group>"; };
		84AAD1041F8EF40700F1FD36 /* es */ = {isa = PBXFileReference; lastKnownFileType = text.plist.strings; name = es; path = es.lproj/Main.strings; sourceTree = "<group>"; };
		9ACBD7EB1E281E8000C7EBD2 /* Dictionary Plus.app */ = {isa = PBXFileReference; explicitFileType = wrapper.application; includeInIndex = 0; path = "Dictionary Plus.app"; sourceTree = BUILT_PRODUCTS_DIR; };
		9ACBD7EE1E281E8000C7EBD2 /* AppDelegate.h */ = {isa = PBXFileReference; lastKnownFileType = sourcecode.c.h; name = AppDelegate.h; path = MultiDict/AppDelegate.h; sourceTree = "<group>"; };
		9ACBD7EF1E281E8000C7EBD2 /* AppDelegate.m */ = {isa = PBXFileReference; explicitFileType = sourcecode.cpp.objcpp; name = AppDelegate.m; path = MultiDict/AppDelegate.m; sourceTree = "<group>"; };
		9ACBD7F21E281E8000C7EBD2 /* main.m */ = {isa = PBXFileReference; lastKnownFileType = sourcecode.c.objc; path = main.m; sourceTree = "<group>"; };
		9ACBD7F41E281E8000C7EBD2 /* ViewController.h */ = {isa = PBXFileReference; explicitFileType = sourcecode.c.h; name = ViewController.h; path = MultiDict/ViewController.h; sourceTree = "<group>"; };
		9ACBD7F51E281E8000C7EBD2 /* ZoneDatosView.h */ = {isa = PBXFileReference; explicitFileType = sourcecode.cpp.objcpp; name = ZoneDatosView.h; path = MultiDict/ZoneDatosView.h; sourceTree = "<group>"; };
		9ACBD7F71E281E8000C7EBD2 /* Assets.xcassets */ = {isa = PBXFileReference; lastKnownFileType = folder.assetcatalog; name = Assets.xcassets; path = MultiDict/Assets.xcassets; sourceTree = "<group>"; };
		9ACBD7FA1E281E8000C7EBD2 /* Base */ = {isa = PBXFileReference; lastKnownFileType = file.storyboard; name = Base; path = Base.lproj/Main.storyboard; sourceTree = "<group>"; };
		9ACBD7FC1E281E8000C7EBD2 /* Info.plist */ = {isa = PBXFileReference; lastKnownFileType = text.plist.xml; path = Info.plist; sourceTree = "<group>"; };
		9B5D4DF21F2E71E10047D0FD /* FindPlusCtrller.h */ = {isa = PBXFileReference; fileEncoding = 4; lastKnownFileType = sourcecode.c.h; name = FindPlusCtrller.h; path = MultiDict/FindPlusCtrller.h; sourceTree = "<group>"; };
		9B5D4DF31F2E71E10047D0FD /* FindPlusCtrller.m */ = {isa = PBXFileReference; explicitFileType = sourcecode.cpp.objcpp; fileEncoding = 4; name = FindPlusCtrller.m; path = MultiDict/FindPlusCtrller.m; sourceTree = "<group>"; };
		9B5D4DF51F2ED5830047D0FD /* TextQueryPlus.h */ = {isa = PBXFileReference; fileEncoding = 4; lastKnownFileType = sourcecode.c.h; name = TextQueryPlus.h; path = MultiDict/TextQueryPlus.h; sourceTree = "<group>"; };
		9B5D4DF61F2ED5830047D0FD /* TextQueryPlus.m */ = {isa = PBXFileReference; explicitFileType = sourcecode.cpp.objcpp; fileEncoding = 4; name = TextQueryPlus.m; path = MultiDict/TextQueryPlus.m; sourceTree = "<group>"; };
		9B6648431F1472BD00653169 /* Copy.png */ = {isa = PBXFileReference; lastKnownFileType = image.png; name = Copy.png; path = MultiDict/images/Copy.png; sourceTree = "<group>"; };
		9BA0276E1F27E4CE003D7308 /* Base */ = {isa = PBXFileReference; lastKnownFileType = text.plist.strings; name = Base; path = Base.lproj/Localizable.strings; sourceTree = "<group>"; };
		9BA027701F281C71003D7308 /* ConjCtrller.h */ = {isa = PBXFileReference; fileEncoding = 4; lastKnownFileType = sourcecode.c.h; name = ConjCtrller.h; path = MultiDict/ConjCtrller.h; sourceTree = "<group>"; };
		9BA027711F281C71003D7308 /* ConjCtrller.m */ = {isa = PBXFileReference; explicitFileType = sourcecode.cpp.objcpp; fileEncoding = 4; name = ConjCtrller.m; path = MultiDict/ConjCtrller.m; sourceTree = "<group>"; };
		9BA0547D1F1C03AA00E30013 /* DictRed.h */ = {isa = PBXFileReference; fileEncoding = 4; lastKnownFileType = sourcecode.c.h; name = DictRed.h; path = MultiDict/DictRed.h; sourceTree = "<group>"; };
		9BA0547E1F1C03AA00E30013 /* DictRed.m */ = {isa = PBXFileReference; explicitFileType = sourcecode.cpp.objcpp; fileEncoding = 4; name = DictRed.m; path = MultiDict/DictRed.m; sourceTree = "<group>"; };
		9BAED3F61E5F5AE20064A0BB /* EntryDict.h */ = {isa = PBXFileReference; fileEncoding = 4; lastKnownFileType = sourcecode.c.h; name = EntryDict.h; path = MultiDict/EntryDict.h; sourceTree = "<group>"; };
		9BAED3F71E5F5AE20064A0BB /* EntryDict.m */ = {isa = PBXFileReference; explicitFileType = sourcecode.cpp.objcpp; fileEncoding = 4; name = EntryDict.m; path = MultiDict/EntryDict.m; sourceTree = "<group>"; };
		9BAED3F91E5F60A00064A0BB /* CronoTime.h */ = {isa = PBXFileReference; fileEncoding = 4; lastKnownFileType = sourcecode.c.h; name = CronoTime.h; path = MultiDict/CronoTime.h; sourceTree = "<group>"; };
		9BAED3FA1E5F60A00064A0BB /* CronoTime.m */ = {isa = PBXFileReference; fileEncoding = 4; lastKnownFileType = sourcecode.c.objc; name = CronoTime.m; path = MultiDict/CronoTime.m; sourceTree = "<group>"; };
		9BAED3FC1E5F74910064A0BB /* DictIndexes.h */ = {isa = PBXFileReference; fileEncoding = 4; lastKnownFileType = sourcecode.c.h; name = DictIndexes.h; path = MultiDict/DictIndexes.h; sourceTree = "<group>"; };
		9BAED3FD1E5F74910064A0BB /* DictIndexes.m */ = {isa = PBXFileReference; explicitFileType = sourcecode.cpp.objcpp; fileEncoding = 4; name = DictIndexes.m; path = MultiDict/DictIndexes.m; sourceTree = "<group>"; };
		9BAED4001E5F85550064A0BB /* EntryIndex.h */ = {isa = PBXFileReference; fileEncoding = 4; lastKnownFileType = sourcecode.c.h; name = EntryIndex.h; path = MultiDict/EntryIndex.h; sourceTree = "<group>"; };
		9BAED4011E5F85550064A0BB /* EntryIndex.m */ = {isa = PBXFileReference; explicitFileType = sourcecode.cpp.objcpp; fileEncoding = 4; name = EntryIndex.m; path = MultiDict/EntryIndex.m; sourceTree = "<group>"; };
		9BB0C4751F2A9FCB002315F7 /* ConjSimple.h */ = {isa = PBXFileReference; fileEncoding = 4; lastKnownFileType = sourcecode.c.h; name = ConjSimple.h; path = MultiDict/ConjSimple.h; sourceTree = "<group>"; };
		9BB0C4761F2A9FCB002315F7 /* ConjSimple.m */ = {isa = PBXFileReference; explicitFileType = sourcecode.cpp.objcpp; fileEncoding = 4; name = ConjSimple.m; path = MultiDict/ConjSimple.m; sourceTree = "<group>"; };
		9BB0C4771F2A9FCB002315F7 /* DatosView.h */ = {isa = PBXFileReference; fileEncoding = 4; lastKnownFileType = sourcecode.c.h; name = DatosView.h; path = MultiDict/DatosView.h; sourceTree = "<group>"; };
		9BB0C4781F2A9FCB002315F7 /* DatosView.m */ = {isa = PBXFileReference; explicitFileType = sourcecode.cpp.objcpp; fileEncoding = 4; name = DatosView.m; path = MultiDict/DatosView.m; sourceTree = "<group>"; };
		9BB0C4791F2A9FCB002315F7 /* ViewController.m */ = {isa = PBXFileReference; explicitFileType = sourcecode.cpp.objcpp; fileEncoding = 4; name = ViewController.m; path = MultiDict/ViewController.m; sourceTree = "<group>"; };
		9BB0C47A1F2A9FCB002315F7 /* ZoneDatosView.m */ = {isa = PBXFileReference; fileEncoding = 4; lastKnownFileType = sourcecode.c.objc; name = ZoneDatosView.m; path = MultiDict/ZoneDatosView.m; sourceTree = "<group>"; };
		9BB4B1991F06DE930027A57C /* MngMarks.h */ = {isa = PBXFileReference; fileEncoding = 4; lastKnownFileType = sourcecode.c.h; name = MngMarks.h; path = MultiDict/MngMarks.h; sourceTree = "<group>"; };
		9BB4B19A1F06DE930027A57C /* MngMarks.m */ = {isa = PBXFileReference; explicitFileType = sourcecode.cpp.objcpp; fileEncoding = 4; name = MngMarks.m; path = MultiDict/MngMarks.m; sourceTree = "<group>"; };
		9BB86C911F215A630080AD9F /* ClosePanel.png */ = {isa = PBXFileReference; lastKnownFileType = image.png; name = ClosePanel.png; path = MultiDict/images/ClosePanel.png; sourceTree = "<group>"; };
		9BB86C921F215A630080AD9F /* ConjVerb.png */ = {isa = PBXFileReference; lastKnownFileType = image.png; name = ConjVerb.png; path = MultiDict/images/ConjVerb.png; sourceTree = "<group>"; };
		9BB86C931F215A630080AD9F /* ConjVerb2.png */ = {isa = PBXFileReference; lastKnownFileType = image.png; name = ConjVerb2.png; path = MultiDict/images/ConjVerb2.png; sourceTree = "<group>"; };
		9BB86C971F21B1D20080AD9F /* OpenPanel.png */ = {isa = PBXFileReference; lastKnownFileType = image.png; name = OpenPanel.png; path = MultiDict/images/OpenPanel.png; sourceTree = "<group>"; };
		9BB958591EDCCECA000FF74F /* DelMean.png */ = {isa = PBXFileReference; lastKnownFileType = image.png; name = DelMean.png; path = MultiDict/images/DelMean.png; sourceTree = "<group>"; };
		9BB9585A1EDCCECA000FF74F /* OpenSust.png */ = {isa = PBXFileReference; lastKnownFileType = image.png; name = OpenSust.png; path = MultiDict/images/OpenSust.png; sourceTree = "<group>"; };
		9BB9585D1EDCE8A0000FF74F /* CloseSust.png */ = {isa = PBXFileReference; lastKnownFileType = image.png; name = CloseSust.png; path = MultiDict/images/CloseSust.png; sourceTree = "<group>"; };
		9BBA4FE91E690CC00031249E /* DelDato.png */ = {isa = PBXFileReference; lastKnownFileType = image.png; name = DelDato.png; path = MultiDict/images/DelDato.png; sourceTree = "<group>"; };
		9BBA4FEA1E690CC00031249E /* Exchange.png */ = {isa = PBXFileReference; lastKnownFileType = image.png; name = Exchange.png; path = MultiDict/images/Exchange.png; sourceTree = "<group>"; };
		9BBAB7071F26B3670012DBA1 /* FindMeans.h */ = {isa = PBXFileReference; fileEncoding = 4; lastKnownFileType = sourcecode.c.h; name = FindMeans.h; path = MultiDict/FindMeans.h; sourceTree = "<group>"; };
		9BBAB7081F26B3670012DBA1 /* FindMeans.m */ = {isa = PBXFileReference; explicitFileType = sourcecode.cpp.objcpp; fileEncoding = 4; name = FindMeans.m; path = MultiDict/FindMeans.m; sourceTree = "<group>"; };
		9BC087761F09A72A00194737 /* EntryDesc.h */ = {isa = PBXFileReference; fileEncoding = 4; lastKnownFileType = sourcecode.c.h; name = EntryDesc.h; path = MultiDict/EntryDesc.h; sourceTree = "<group>"; };
		9BC087771F09A72A00194737 /* EntryDesc.m */ = {isa = PBXFileReference; explicitFileType = sourcecode.cpp.objcpp; fileEncoding = 4; name = EntryDesc.m; path = MultiDict/EntryDesc.m; sourceTree = "<group>"; };
		9BC0AAEC1F0F393C00146460 /* TrdBtn.png */ = {isa = PBXFileReference; lastKnownFileType = image.png; name = TrdBtn.png; path = MultiDict/images/TrdBtn.png; sourceTree = "<group>"; };
		9BC0AAED1F0F393C00146460 /* TrdBtn2.png */ = {isa = PBXFileReference; lastKnownFileType = image.png; name = TrdBtn2.png; path = MultiDict/images/TrdBtn2.png; sourceTree = "<group>"; };
		9BC0FAE71F2E481E00E40B6B /* AppData.h */ = {isa = PBXFileReference; fileEncoding = 4; lastKnownFileType = sourcecode.c.h; name = AppData.h; path = MultiDict/AppData.h; sourceTree = "<group>"; };
		9BC0FAE81F2E481E00E40B6B /* AppData.m */ = {isa = PBXFileReference; explicitFileType = sourcecode.cpp.objcpp; fileEncoding = 4; name = AppData.m; path = MultiDict/AppData.m; sourceTree = "<group>"; };
		9BCE4BE21F33F718004EDFD3 /* FindPlus.png */ = {isa = PBXFileReference; lastKnownFileType = image.png; name = FindPlus.png; path = MultiDict/images/FindPlus.png; sourceTree = "<group>"; };
		9BCE4BE31F33F718004EDFD3 /* WrdNext.png */ = {isa = PBXFileReference; lastKnownFileType = image.png; name = WrdNext.png; path = MultiDict/images/WrdNext.png; sourceTree = "<group>"; };
		9BCE4BE41F33F718004EDFD3 /* WrdPrev.png */ = {isa = PBXFileReference; lastKnownFileType = image.png; name = WrdPrev.png; path = MultiDict/images/WrdPrev.png; sourceTree = "<group>"; };
		9BD2E7B51F16CDDB00B1904F /* ApiRed.cpp */ = {isa = PBXFileReference; fileEncoding = 4; lastKnownFileType = sourcecode.cpp.cpp; name = ApiRed.cpp; path = MultiDict/RedWord/ApiRed.cpp; sourceTree = "<group>"; };
		9BD2E7B61F16CDDB00B1904F /* RedWord.cpp */ = {isa = PBXFileReference; explicitFileType = sourcecode.cpp.objcpp; fileEncoding = 4; name = RedWord.cpp; path = MultiDict/RedWord/RedWord.cpp; sourceTree = "<group>"; };
		9BD2E7B71F16CDDB00B1904F /* RedWord.h */ = {isa = PBXFileReference; fileEncoding = 4; lastKnownFileType = sourcecode.c.h; name = RedWord.h; path = MultiDict/RedWord/RedWord.h; sourceTree = "<group>"; };
		9BD2E7B81F16CDDB00B1904F /* RWDefn.cpp */ = {isa = PBXFileReference; fileEncoding = 4; lastKnownFileType = sourcecode.cpp.cpp; name = RWDefn.cpp; path = MultiDict/RedWord/RWDefn.cpp; sourceTree = "<group>"; };
		9BD2E7B91F16CDDB00B1904F /* RWDefn.h */ = {isa = PBXFileReference; fileEncoding = 4; lastKnownFileType = sourcecode.c.h; name = RWDefn.h; path = MultiDict/RedWord/RWDefn.h; sourceTree = "<group>"; };
		9BD2E7BD1F16CE1200B1904F /* ApiConj.cpp */ = {isa = PBXFileReference; fileEncoding = 4; lastKnownFileType = sourcecode.cpp.cpp; name = ApiConj.cpp; path = MultiDict/Conj/ApiConj.cpp; sourceTree = "<group>"; };
		9BD2E7BE1F16CE1200B1904F /* ConjVerb.cpp */ = {isa = PBXFileReference; fileEncoding = 4; lastKnownFileType = sourcecode.cpp.cpp; name = ConjVerb.cpp; path = MultiDict/Conj/ConjVerb.cpp; sourceTree = "<group>"; };
		9BD2E7BF1F16CE1200B1904F /* ConjVerb.h */ = {isa = PBXFileReference; fileEncoding = 4; lastKnownFileType = sourcecode.c.h; name = ConjVerb.h; path = MultiDict/Conj/ConjVerb.h; sourceTree = "<group>"; };
		9BD2E7C01F16CE1200B1904F /* Ctabla.cpp */ = {isa = PBXFileReference; fileEncoding = 4; lastKnownFileType = sourcecode.cpp.cpp; name = Ctabla.cpp; path = MultiDict/Conj/Ctabla.cpp; sourceTree = "<group>"; };
		9BD2E7C11F16CE1200B1904F /* CTabla.h */ = {isa = PBXFileReference; fileEncoding = 4; lastKnownFileType = sourcecode.c.h; name = CTabla.h; path = MultiDict/Conj/CTabla.h; sourceTree = "<group>"; };
		9BD2E7C21F16CE1200B1904F /* CVDefn.cpp */ = {isa = PBXFileReference; fileEncoding = 4; lastKnownFileType = sourcecode.cpp.cpp; name = CVDefn.cpp; path = MultiDict/Conj/CVDefn.cpp; sourceTree = "<group>"; };
		9BD2E7C31F16CE1200B1904F /* cvdefn.h */ = {isa = PBXFileReference; fileEncoding = 4; lastKnownFileType = sourcecode.c.h; name = cvdefn.h; path = MultiDict/Conj/cvdefn.h; sourceTree = "<group>"; };
		9BD2E7C41F16CE1200B1904F /* RefTabla.cpp */ = {isa = PBXFileReference; fileEncoding = 4; lastKnownFileType = sourcecode.cpp.cpp; name = RefTabla.cpp; path = MultiDict/Conj/RefTabla.cpp; sourceTree = "<group>"; };
		9BD2E7C51F16CE1200B1904F /* RefTabla.h */ = {isa = PBXFileReference; fileEncoding = 4; lastKnownFileType = sourcecode.c.h; name = RefTabla.h; path = MultiDict/Conj/RefTabla.h; sourceTree = "<group>"; };
		9BD2E7CD1F16CEB000B1904F /* WinUtil.cpp */ = {isa = PBXFileReference; fileEncoding = 4; lastKnownFileType = sourcecode.cpp.cpp; name = WinUtil.cpp; path = MultiDict/CommonSrc/WinUtil.cpp; sourceTree = "<group>"; };
		9BD2E7CE1F16CEB000B1904F /* WinUtil.h */ = {isa = PBXFileReference; fileEncoding = 4; lastKnownFileType = sourcecode.c.h; name = WinUtil.h; path = MultiDict/CommonSrc/WinUtil.h; sourceTree = "<group>"; };
		9BD2E7D01F16CEF200B1904F /* ApiConj.h */ = {isa = PBXFileReference; fileEncoding = 4; lastKnownFileType = sourcecode.c.h; name = ApiConj.h; path = MultiDict/CommonSrc/ApiConj.h; sourceTree = "<group>"; };
		9BD2E7D11F16CEF200B1904F /* ApiRed.h */ = {isa = PBXFileReference; fileEncoding = 4; lastKnownFileType = sourcecode.c.h; name = ApiRed.h; path = MultiDict/CommonSrc/ApiRed.h; sourceTree = "<group>"; };
		9BD2E7D21F16CF5B00B1904F /* UtilFun.cpp */ = {isa = PBXFileReference; fileEncoding = 4; lastKnownFileType = sourcecode.cpp.cpp; name = UtilFun.cpp; path = MultiDict/CommonSrc/UtilFun.cpp; sourceTree = "<group>"; };
		9BD2E7D31F16CF5B00B1904F /* UtilFun.h */ = {isa = PBXFileReference; fileEncoding = 4; lastKnownFileType = sourcecode.c.h; name = UtilFun.h; path = MultiDict/CommonSrc/UtilFun.h; sourceTree = "<group>"; };
		9BD2E7D61F16D08600B1904F /* Dict.h */ = {isa = PBXFileReference; fileEncoding = 4; lastKnownFileType = sourcecode.c.h; name = Dict.h; path = MultiDict/Dict/Dict.h; sourceTree = "<group>"; };
		9BD2E7D71F16D08600B1904F /* DictLoad.cpp */ = {isa = PBXFileReference; fileEncoding = 4; lastKnownFileType = sourcecode.cpp.cpp; name = DictLoad.cpp; path = MultiDict/Dict/DictLoad.cpp; sourceTree = "<group>"; };
		9BD2E7D91F16D0E900B1904F /* DictLoad.h */ = {isa = PBXFileReference; fileEncoding = 4; lastKnownFileType = sourcecode.c.h; name = DictLoad.h; path = MultiDict/Dict/DictLoad.h; sourceTree = "<group>"; };
		9BD2E7DA1F16D14F00B1904F /* RootLanguageData.h */ = {isa = PBXFileReference; fileEncoding = 4; lastKnownFileType = sourcecode.c.h; name = RootLanguageData.h; path = MultiDict/CommonSrc/RootLanguageData.h; sourceTree = "<group>"; };
		9BD2E7DB1F16D18800B1904F /* LanguageName.h */ = {isa = PBXFileReference; fileEncoding = 4; lastKnownFileType = sourcecode.c.h; name = LanguageName.h; path = MultiDict/CommonSrc/LanguageName.h; sourceTree = "<group>"; };
		9BD2E7DC1F17123200B1904F /* CString.cpp */ = {isa = PBXFileReference; fileEncoding = 4; lastKnownFileType = sourcecode.cpp.cpp; name = CString.cpp; path = MultiDict/CommonSrc/CString.cpp; sourceTree = "<group>"; };
		9BD2E7DD1F17123200B1904F /* CString.h */ = {isa = PBXFileReference; fileEncoding = 4; lastKnownFileType = sourcecode.c.h; name = CString.h; path = MultiDict/CommonSrc/CString.h; sourceTree = "<group>"; };
		9BD2E7DE1F17123200B1904F /* StrUtil.cpp */ = {isa = PBXFileReference; fileEncoding = 4; lastKnownFileType = sourcecode.cpp.cpp; name = StrUtil.cpp; path = MultiDict/CommonSrc/StrUtil.cpp; sourceTree = "<group>"; };
		9BD2E7DF1F17123200B1904F /* StrUtil.h */ = {isa = PBXFileReference; fileEncoding = 4; lastKnownFileType = sourcecode.c.h; name = StrUtil.h; path = MultiDict/CommonSrc/StrUtil.h; sourceTree = "<group>"; };
		9BD2E7E21F17128E00B1904F /* ArrayUtil.cpp */ = {isa = PBXFileReference; fileEncoding = 4; lastKnownFileType = sourcecode.cpp.cpp; name = ArrayUtil.cpp; path = MultiDict/CommonSrc/ArrayUtil.cpp; sourceTree = "<group>"; };
		9BD2E7E31F17128E00B1904F /* ArrayUtil.h */ = {isa = PBXFileReference; fileEncoding = 4; lastKnownFileType = sourcecode.c.h; name = ArrayUtil.h; path = MultiDict/CommonSrc/ArrayUtil.h; sourceTree = "<group>"; };
		9BD2E7E41F17128E00B1904F /* ArrayUtil.inl */ = {isa = PBXFileReference; fileEncoding = 4; lastKnownFileType = text; name = ArrayUtil.inl; path = MultiDict/CommonSrc/ArrayUtil.inl; sourceTree = "<group>"; };
		9BD2E7E51F17128E00B1904F /* FastArray.h */ = {isa = PBXFileReference; fileEncoding = 4; lastKnownFileType = sourcecode.c.h; name = FastArray.h; path = MultiDict/CommonSrc/FastArray.h; sourceTree = "<group>"; };
		9BD2E7E61F17128E00B1904F /* FastHeap.cpp */ = {isa = PBXFileReference; fileEncoding = 4; lastKnownFileType = sourcecode.cpp.cpp; name = FastHeap.cpp; path = MultiDict/CommonSrc/FastHeap.cpp; sourceTree = "<group>"; };
		9BD2E7E71F17128E00B1904F /* FastHeap.h */ = {isa = PBXFileReference; fileEncoding = 4; lastKnownFileType = sourcecode.c.h; name = FastHeap.h; path = MultiDict/CommonSrc/FastHeap.h; sourceTree = "<group>"; };
		9BD2E7EB1F17131800B1904F /* FileUtil.cpp */ = {isa = PBXFileReference; fileEncoding = 4; lastKnownFileType = sourcecode.cpp.cpp; name = FileUtil.cpp; path = MultiDict/CommonSrc/FileUtil.cpp; sourceTree = "<group>"; };
		9BD2E7EC1F17131800B1904F /* FileUtil.h */ = {isa = PBXFileReference; fileEncoding = 4; lastKnownFileType = sourcecode.c.h; name = FileUtil.h; path = MultiDict/CommonSrc/FileUtil.h; sourceTree = "<group>"; };
		9BD2E7EE1F17135400B1904F /* Logger.cpp */ = {isa = PBXFileReference; fileEncoding = 4; lastKnownFileType = sourcecode.cpp.cpp; name = Logger.cpp; path = MultiDict/CommonSrc/Logger.cpp; sourceTree = "<group>"; };
		9BD2E7EF1F17135400B1904F /* Logger.h */ = {isa = PBXFileReference; fileEncoding = 4; lastKnownFileType = sourcecode.c.h; name = Logger.h; path = MultiDict/CommonSrc/Logger.h; sourceTree = "<group>"; };
		9BD2E7F11F1714CD00B1904F /* ConjCore.h */ = {isa = PBXFileReference; fileEncoding = 4; lastKnownFileType = sourcecode.c.h; name = ConjCore.h; path = MultiDict/ConjCore.h; sourceTree = "<group>"; };
		9BD2E7F21F1714CD00B1904F /* ConjCore.mm */ = {isa = PBXFileReference; fileEncoding = 4; lastKnownFileType = sourcecode.cpp.objcpp; name = ConjCore.mm; path = MultiDict/ConjCore.mm; sourceTree = "<group>"; };
		9BDA09861E5E42E9009E8BE0 /* DictMain.h */ = {isa = PBXFileReference; fileEncoding = 4; lastKnownFileType = sourcecode.c.h; name = DictMain.h; path = MultiDict/DictMain.h; sourceTree = "<group>"; };
		9BDA09871E5E42E9009E8BE0 /* DictMain.m */ = {isa = PBXFileReference; explicitFileType = sourcecode.cpp.objcpp; fileEncoding = 4; name = DictMain.m; path = MultiDict/DictMain.m; sourceTree = "<group>"; };
		9BDA098A1E5E4BF7009E8BE0 /* Datos */ = {isa = PBXFileReference; lastKnownFileType = folder; name = Datos; path = MultiDict/Datos; sourceTree = "<group>"; };
		9BDFFE431EEA327000B1C7AB /* TextQuery.h */ = {isa = PBXFileReference; fileEncoding = 4; lastKnownFileType = sourcecode.c.h; name = TextQuery.h; path = MultiDict/TextQuery.h; sourceTree = "<group>"; };
		9BDFFE441EEA327000B1C7AB /* TextQuery.m */ = {isa = PBXFileReference; explicitFileType = sourcecode.cpp.objcpp; fileEncoding = 4; name = TextQuery.m; path = MultiDict/TextQuery.m; sourceTree = "<group>"; };
		9BDFFE491EEB631800B1C7AB /* SortedIndexs.h */ = {isa = PBXFileReference; fileEncoding = 4; lastKnownFileType = sourcecode.c.h; name = SortedIndexs.h; path = MultiDict/SortedIndexs.h; sourceTree = "<group>"; };
		9BDFFE4A1EEB631800B1C7AB /* SortedIndexs.m */ = {isa = PBXFileReference; fileEncoding = 4; lastKnownFileType = sourcecode.c.objc; name = SortedIndexs.m; path = MultiDict/SortedIndexs.m; sourceTree = "<group>"; };
		9BF0987E1F071FB5006E2747 /* MarkView.h */ = {isa = PBXFileReference; fileEncoding = 4; lastKnownFileType = sourcecode.c.h; name = MarkView.h; path = MultiDict/MarkView.h; sourceTree = "<group>"; };
		9BF0987F1F071FB5006E2747 /* MarkView.m */ = {isa = PBXFileReference; explicitFileType = sourcecode.cpp.objcpp; fileEncoding = 4; name = MarkView.m; path = MultiDict/MarkView.m; sourceTree = "<group>"; tabWidth = 2; };
		B5866F9E1FAB4BBA00DB8D05 /* Dictionary Plus.entitlements */ = {isa = PBXFileReference; lastKnownFileType = text.plist.entitlements; path = "Dictionary Plus.entitlements"; sourceTree = "<group>"; };
/* End PBXFileReference section */

/* Begin PBXFrameworksBuildPhase section */
		9ACBD7E81E281E8000C7EBD2 /* Frameworks */ = {
			isa = PBXFrameworksBuildPhase;
			buildActionMask = 2147483647;
			files = (
			);
			runOnlyForDeploymentPostprocessing = 0;
		};
/* End PBXFrameworksBuildPhase section */

/* Begin PBXGroup section */
		9ACBD7E21E281E8000C7EBD2 = {
			isa = PBXGroup;
			children = (
				B5866F9E1FAB4BBA00DB8D05 /* Dictionary Plus.entitlements */,
				9B5D4DF21F2E71E10047D0FD /* FindPlusCtrller.h */,
				9B5D4DF31F2E71E10047D0FD /* FindPlusCtrller.m */,
				9ACBD7F71E281E8000C7EBD2 /* Assets.xcassets */,
				9ACBD7F91E281E8000C7EBD2 /* Main.storyboard */,
				9ACBD7EE1E281E8000C7EBD2 /* AppDelegate.h */,
				9ACBD7EF1E281E8000C7EBD2 /* AppDelegate.m */,
				9ACBD7F41E281E8000C7EBD2 /* ViewController.h */,
				9BB0C4791F2A9FCB002315F7 /* ViewController.m */,
				9BA027701F281C71003D7308 /* ConjCtrller.h */,
				9BA027711F281C71003D7308 /* ConjCtrller.m */,
				9BB0C4751F2A9FCB002315F7 /* ConjSimple.h */,
				9BB0C4761F2A9FCB002315F7 /* ConjSimple.m */,
				9ACBD7F51E281E8000C7EBD2 /* ZoneDatosView.h */,
				9BB0C47A1F2A9FCB002315F7 /* ZoneDatosView.m */,
				9BB4B1991F06DE930027A57C /* MngMarks.h */,
				9BB0C4771F2A9FCB002315F7 /* DatosView.h */,
				9BB0C4781F2A9FCB002315F7 /* DatosView.m */,
				9BB4B19A1F06DE930027A57C /* MngMarks.m */,
				9BF0987E1F071FB5006E2747 /* MarkView.h */,
				9BF0987F1F071FB5006E2747 /* MarkView.m */,
				9BAED3F91E5F60A00064A0BB /* CronoTime.h */,
				9BAED3FA1E5F60A00064A0BB /* CronoTime.m */,
				9BC0FAE71F2E481E00E40B6B /* AppData.h */,
				9BC0FAE81F2E481E00E40B6B /* AppData.m */,
				9ACBD7F11E281E8000C7EBD2 /* Supporting Files */,
				9BDFFE4C1EECF57400B1C7AB /* Datos */,
				9BD2E7B21F16CD7500B1904F /* TrdApi */,
				9BBA4FE61E690C6F0031249E /* images */,
				9BDA098A1E5E4BF7009E8BE0 /* Datos */,
				9ACBD7EC1E281E8000C7EBD2 /* Products */,
			);
			sourceTree = "<group>";
		};
		9ACBD7EC1E281E8000C7EBD2 /* Products */ = {
			isa = PBXGroup;
			children = (
				9ACBD7EB1E281E8000C7EBD2 /* Dictionary Plus.app */,
			);
			name = Products;
			sourceTree = "<group>";
		};
		9ACBD7F11E281E8000C7EBD2 /* Supporting Files */ = {
			isa = PBXGroup;
			children = (
				9BA0276D1F27E4CE003D7308 /* Localizable.strings */,
				9ACBD7FC1E281E8000C7EBD2 /* Info.plist */,
				9ACBD7F21E281E8000C7EBD2 /* main.m */,
			);
			name = "Supporting Files";
			path = MultiDict;
			sourceTree = "<group>";
		};
		9BBA4FE61E690C6F0031249E /* images */ = {
			isa = PBXGroup;
			children = (
				9BCE4BE21F33F718004EDFD3 /* FindPlus.png */,
				9BCE4BE31F33F718004EDFD3 /* WrdNext.png */,
				9BCE4BE41F33F718004EDFD3 /* WrdPrev.png */,
				9BB86C971F21B1D20080AD9F /* OpenPanel.png */,
				9BB86C911F215A630080AD9F /* ClosePanel.png */,
				9BB86C921F215A630080AD9F /* ConjVerb.png */,
				9BB86C931F215A630080AD9F /* ConjVerb2.png */,
				9B6648431F1472BD00653169 /* Copy.png */,
				9BC0AAEC1F0F393C00146460 /* TrdBtn.png */,
				9BC0AAED1F0F393C00146460 /* TrdBtn2.png */,
				9BB9585D1EDCE8A0000FF74F /* CloseSust.png */,
				9BB958591EDCCECA000FF74F /* DelMean.png */,
				9BB9585A1EDCCECA000FF74F /* OpenSust.png */,
				9BBA4FE91E690CC00031249E /* DelDato.png */,
				9BBA4FEA1E690CC00031249E /* Exchange.png */,
			);
			name = images;
			sourceTree = "<group>";
		};
		9BD2E7B21F16CD7500B1904F /* TrdApi */ = {
			isa = PBXGroup;
			children = (
				9BD2E7F11F1714CD00B1904F /* ConjCore.h */,
				9BD2E7F21F1714CD00B1904F /* ConjCore.mm */,
				9BD2E7D51F16D00F00B1904F /* Dict */,
				9BD2E7CC1F16CE8A00B1904F /* CommonSrc */,
				9BD2E7B41F16CDBC00B1904F /* Red */,
				9BD2E7B31F16CD9F00B1904F /* Conj */,
			);
			name = TrdApi;
			sourceTree = "<group>";
		};
		9BD2E7B31F16CD9F00B1904F /* Conj */ = {
			isa = PBXGroup;
			children = (
				9BD2E7BD1F16CE1200B1904F /* ApiConj.cpp */,
				9BD2E7BE1F16CE1200B1904F /* ConjVerb.cpp */,
				9BD2E7BF1F16CE1200B1904F /* ConjVerb.h */,
				9BD2E7C01F16CE1200B1904F /* Ctabla.cpp */,
				9BD2E7C11F16CE1200B1904F /* CTabla.h */,
				9BD2E7C21F16CE1200B1904F /* CVDefn.cpp */,
				9BD2E7C31F16CE1200B1904F /* cvdefn.h */,
				9BD2E7C41F16CE1200B1904F /* RefTabla.cpp */,
				9BD2E7C51F16CE1200B1904F /* RefTabla.h */,
			);
			name = Conj;
			sourceTree = "<group>";
		};
		9BD2E7B41F16CDBC00B1904F /* Red */ = {
			isa = PBXGroup;
			children = (
				9BD2E7B51F16CDDB00B1904F /* ApiRed.cpp */,
				9BD2E7B61F16CDDB00B1904F /* RedWord.cpp */,
				9BD2E7B71F16CDDB00B1904F /* RedWord.h */,
				9BD2E7B81F16CDDB00B1904F /* RWDefn.cpp */,
				9BD2E7B91F16CDDB00B1904F /* RWDefn.h */,
			);
			name = Red;
			sourceTree = "<group>";
		};
		9BD2E7CC1F16CE8A00B1904F /* CommonSrc */ = {
			isa = PBXGroup;
			children = (
				9BD2E7EB1F17131800B1904F /* FileUtil.cpp */,
				9BD2E7EC1F17131800B1904F /* FileUtil.h */,
				9BD2E7EE1F17135400B1904F /* Logger.cpp */,
				9BD2E7EF1F17135400B1904F /* Logger.h */,
				9BD2E7E21F17128E00B1904F /* ArrayUtil.cpp */,
				9BD2E7E31F17128E00B1904F /* ArrayUtil.h */,
				9BD2E7E41F17128E00B1904F /* ArrayUtil.inl */,
				9BD2E7E51F17128E00B1904F /* FastArray.h */,
				9BD2E7E61F17128E00B1904F /* FastHeap.cpp */,
				9BD2E7E71F17128E00B1904F /* FastHeap.h */,
				9BD2E7DC1F17123200B1904F /* CString.cpp */,
				9BD2E7DD1F17123200B1904F /* CString.h */,
				9BD2E7DE1F17123200B1904F /* StrUtil.cpp */,
				9BD2E7DF1F17123200B1904F /* StrUtil.h */,
				9BD2E7DB1F16D18800B1904F /* LanguageName.h */,
				9BD2E7DA1F16D14F00B1904F /* RootLanguageData.h */,
				9BD2E7D21F16CF5B00B1904F /* UtilFun.cpp */,
				9BD2E7D31F16CF5B00B1904F /* UtilFun.h */,
				9BD2E7D01F16CEF200B1904F /* ApiConj.h */,
				9BD2E7D11F16CEF200B1904F /* ApiRed.h */,
				9BD2E7CD1F16CEB000B1904F /* WinUtil.cpp */,
				9BD2E7CE1F16CEB000B1904F /* WinUtil.h */,
			);
			name = CommonSrc;
			sourceTree = "<group>";
		};
		9BD2E7D51F16D00F00B1904F /* Dict */ = {
			isa = PBXGroup;
			children = (
				9BD2E7D61F16D08600B1904F /* Dict.h */,
				9BD2E7D91F16D0E900B1904F /* DictLoad.h */,
				9BD2E7D71F16D08600B1904F /* DictLoad.cpp */,
			);
			name = Dict;
			sourceTree = "<group>";
		};
		9BDFFE4C1EECF57400B1C7AB /* Datos */ = {
			isa = PBXGroup;
			children = (
				9BDFFE491EEB631800B1C7AB /* SortedIndexs.h */,
				9BDFFE4A1EEB631800B1C7AB /* SortedIndexs.m */,
				9BDFFE431EEA327000B1C7AB /* TextQuery.h */,
				9BDFFE441EEA327000B1C7AB /* TextQuery.m */,
				9B5D4DF51F2ED5830047D0FD /* TextQueryPlus.h */,
				9B5D4DF61F2ED5830047D0FD /* TextQueryPlus.m */,
				9BDA09861E5E42E9009E8BE0 /* DictMain.h */,
				9BDA09871E5E42E9009E8BE0 /* DictMain.m */,
				9BAED3FC1E5F74910064A0BB /* DictIndexes.h */,
				9BAED3FD1E5F74910064A0BB /* DictIndexes.m */,
				9BAED3F61E5F5AE20064A0BB /* EntryDict.h */,
				9BAED3F71E5F5AE20064A0BB /* EntryDict.m */,
				9BAED4001E5F85550064A0BB /* EntryIndex.h */,
				9BAED4011E5F85550064A0BB /* EntryIndex.m */,
				9BC087761F09A72A00194737 /* EntryDesc.h */,
				9BC087771F09A72A00194737 /* EntryDesc.m */,
				9BA0547D1F1C03AA00E30013 /* DictRed.h */,
				9BA0547E1F1C03AA00E30013 /* DictRed.m */,
				9BBAB7071F26B3670012DBA1 /* FindMeans.h */,
				9BBAB7081F26B3670012DBA1 /* FindMeans.m */,
			);
			name = Datos;
			sourceTree = "<group>";
		};
/* End PBXGroup section */

/* Begin PBXNativeTarget section */
		9ACBD7EA1E281E8000C7EBD2 /* Dictionary Plus */ = {
			isa = PBXNativeTarget;
			buildConfigurationList = 9ACBD7FF1E281E8000C7EBD2 /* Build configuration list for PBXNativeTarget "Dictionary Plus" */;
			buildPhases = (
				9ACBD7E71E281E8000C7EBD2 /* Sources */,
				9ACBD7E81E281E8000C7EBD2 /* Frameworks */,
				9ACBD7E91E281E8000C7EBD2 /* Resources */,
			);
			buildRules = (
			);
			dependencies = (
			);
			name = "Dictionary Plus";
			productName = MultiDict;
			productReference = 9ACBD7EB1E281E8000C7EBD2 /* Dictionary Plus.app */;
			productType = "com.apple.product-type.application";
		};
/* End PBXNativeTarget section */

/* Begin PBXProject section */
		9ACBD7E31E281E8000C7EBD2 /* Project object */ = {
			isa = PBXProject;
			attributes = {
				LastUpgradeCheck = 0830;
				ORGANIZATIONNAME = BigXSoft;
				TargetAttributes = {
					9ACBD7EA1E281E8000C7EBD2 = {
						CreatedOnToolsVersion = 7.3;
						ProvisioningStyle = Manual;
						SystemCapabilities = {
							com.apple.Sandbox = {
								enabled = 1;
							};
						};
					};
				};
			};
			buildConfigurationList = 9ACBD7E61E281E8000C7EBD2 /* Build configuration list for PBXProject "Dictionary Plus (En-Es)" */;
			compatibilityVersion = "Xcode 3.2";
			developmentRegion = English;
			hasScannedForEncodings = 0;
			knownRegions = (
				en,
				Base,
				es,
			);
			mainGroup = 9ACBD7E21E281E8000C7EBD2;
			productRefGroup = 9ACBD7EC1E281E8000C7EBD2 /* Products */;
			projectDirPath = "";
			projectRoot = "";
			targets = (
				9ACBD7EA1E281E8000C7EBD2 /* Dictionary Plus */,
			);
		};
/* End PBXProject section */

/* Begin PBXResourcesBuildPhase section */
		9ACBD7E91E281E8000C7EBD2 /* Resources */ = {
			isa = PBXResourcesBuildPhase;
			buildActionMask = 2147483647;
			files = (
				9BA0276F1F27E4CE003D7308 /* Localizable.strings in Resources */,
				9BCE4BE61F33F718004EDFD3 /* WrdNext.png in Resources */,
				9BB86C951F215A630080AD9F /* ConjVerb.png in Resources */,
				9BB86C941F215A630080AD9F /* ClosePanel.png in Resources */,
				9BCE4BE71F33F718004EDFD3 /* WrdPrev.png in Resources */,
				9BB86C981F21B1D20080AD9F /* OpenPanel.png in Resources */,
				9BB9585B1EDCCECA000FF74F /* DelMean.png in Resources */,
				9B6648441F1472BD00653169 /* Copy.png in Resources */,
				9BDA098B1E5E4BF7009E8BE0 /* Datos in Resources */,
				9BB9585C1EDCCECA000FF74F /* OpenSust.png in Resources */,
				9BBA4FEC1E690CC00031249E /* Exchange.png in Resources */,
				9BC0AAEE1F0F393C00146460 /* TrdBtn.png in Resources */,
				9ACBD7F81E281E8000C7EBD2 /* Assets.xcassets in Resources */,
				9BD2E7E91F17128E00B1904F /* ArrayUtil.inl in Resources */,
				9BC0AAEF1F0F393C00146460 /* TrdBtn2.png in Resources */,
				9BB9585E1EDCE8A0000FF74F /* CloseSust.png in Resources */,
				9BCE4BE51F33F718004EDFD3 /* FindPlus.png in Resources */,
				9BB86C961F215A630080AD9F /* ConjVerb2.png in Resources */,
				9ACBD7FB1E281E8000C7EBD2 /* Main.storyboard in Resources */,
				9BBA4FEB1E690CC00031249E /* DelDato.png in Resources */,
			);
			runOnlyForDeploymentPostprocessing = 0;
		};
/* End PBXResourcesBuildPhase section */

/* Begin PBXSourcesBuildPhase section */
		9ACBD7E71E281E8000C7EBD2 /* Sources */ = {
			isa = PBXSourcesBuildPhase;
			buildActionMask = 2147483647;
			files = (
				9BB0C47B1F2A9FCB002315F7 /* ConjSimple.m in Sources */,
				9B5D4DF41F2E71E10047D0FD /* FindPlusCtrller.m in Sources */,
				9BB0C47C1F2A9FCB002315F7 /* DatosView.m in Sources */,
				9BDFFE451EEA327000B1C7AB /* TextQuery.m in Sources */,
				9B5D4DF71F2ED5830047D0FD /* TextQueryPlus.m in Sources */,
				9BB0C47E1F2A9FCB002315F7 /* ZoneDatosView.m in Sources */,
				9ACBD7F61E281E8000C7EBD2 /* ZoneDatosView.h in Sources */,
				9BD2E7BB1F16CDDB00B1904F /* RedWord.cpp in Sources */,
				9BB0C47D1F2A9FCB002315F7 /* ViewController.m in Sources */,
				9BD2E7C81F16CE1200B1904F /* Ctabla.cpp in Sources */,
				9BD2E7C71F16CE1200B1904F /* ConjVerb.cpp in Sources */,
				9BBAB7091F26B3670012DBA1 /* FindMeans.m in Sources */,
				9BD2E7CA1F16CE1200B1904F /* RefTabla.cpp in Sources */,
				9BF098801F071FB5006E2747 /* MarkView.m in Sources */,
				9BD2E7D81F16D08600B1904F /* DictLoad.cpp in Sources */,
				9BAED4021E5F85550064A0BB /* EntryIndex.m in Sources */,
				9BC087781F09A72A00194737 /* EntryDesc.m in Sources */,
				9BD2E7CF1F16CEB000B1904F /* WinUtil.cpp in Sources */,
				9BD2E7E01F17123200B1904F /* CString.cpp in Sources */,
				9BAED3F81E5F5AE20064A0BB /* EntryDict.m in Sources */,
				9BB4B19B1F06DE930027A57C /* MngMarks.m in Sources */,
				9BAED3FB1E5F60A00064A0BB /* CronoTime.m in Sources */,
				9BAED3FE1E5F74910064A0BB /* DictIndexes.m in Sources */,
				9BD2E7F01F17135400B1904F /* Logger.cpp in Sources */,
				9BD2E7E81F17128E00B1904F /* ArrayUtil.cpp in Sources */,
				9BDFFE4B1EEB631800B1C7AB /* SortedIndexs.m in Sources */,
				9BA027721F281C71003D7308 /* ConjCtrller.m in Sources */,
				9BA0547F1F1C03AA00E30013 /* DictRed.m in Sources */,
				9BD2E7BA1F16CDDB00B1904F /* ApiRed.cpp in Sources */,
				9BD2E7D41F16CF5B00B1904F /* UtilFun.cpp in Sources */,
				9BD2E7E11F17123200B1904F /* StrUtil.cpp in Sources */,
				9BD2E7C91F16CE1200B1904F /* CVDefn.cpp in Sources */,
				9BC0FAE91F2E481E00E40B6B /* AppData.m in Sources */,
				9ACBD7F31E281E8000C7EBD2 /* main.m in Sources */,
				9BD2E7C61F16CE1200B1904F /* ApiConj.cpp in Sources */,
				9BD2E7ED1F17131800B1904F /* FileUtil.cpp in Sources */,
				9BDA09881E5E42E9009E8BE0 /* DictMain.m in Sources */,
				9BD2E7F31F1714CD00B1904F /* ConjCore.mm in Sources */,
				9BD2E7BC1F16CDDB00B1904F /* RWDefn.cpp in Sources */,
				9ACBD7F01E281E8000C7EBD2 /* AppDelegate.m in Sources */,
				9BD2E7EA1F17128E00B1904F /* FastHeap.cpp in Sources */,
			);
			runOnlyForDeploymentPostprocessing = 0;
		};
/* End PBXSourcesBuildPhase section */

/* Begin PBXVariantGroup section */
		9ACBD7F91E281E8000C7EBD2 /* Main.storyboard */ = {
			isa = PBXVariantGroup;
			children = (
				9ACBD7FA1E281E8000C7EBD2 /* Base */,
				84AAD1041F8EF40700F1FD36 /* es */,
			);
			name = Main.storyboard;
			path = MultiDict;
			sourceTree = "<group>";
		};
		9BA0276D1F27E4CE003D7308 /* Localizable.strings */ = {
			isa = PBXVariantGroup;
			children = (
				9BA0276E1F27E4CE003D7308 /* Base */,
				84AAD1031F8EF40700F1FD36 /* es */,
			);
			name = Localizable.strings;
			sourceTree = "<group>";
		};
/* End PBXVariantGroup section */

/* Begin XCBuildConfiguration section */
		9ACBD7FD1E281E8000C7EBD2 /* Debug */ = {
			isa = XCBuildConfiguration;
			buildSettings = {
				ALWAYS_SEARCH_USER_PATHS = NO;
				CLANG_ANALYZER_LOCALIZABILITY_NONLOCALIZED = YES;
				CLANG_ANALYZER_NONNULL = YES;
				CLANG_CXX_LANGUAGE_STANDARD = "gnu++0x";
				CLANG_CXX_LIBRARY = "libstdc++";
				CLANG_ENABLE_MODULES = YES;
				CLANG_ENABLE_OBJC_ARC = YES;
				CLANG_WARN_BOOL_CONVERSION = YES;
				CLANG_WARN_CONSTANT_CONVERSION = YES;
				CLANG_WARN_DIRECT_OBJC_ISA_USAGE = YES_ERROR;
				CLANG_WARN_EMPTY_BODY = YES;
				CLANG_WARN_ENUM_CONVERSION = YES;
				CLANG_WARN_INFINITE_RECURSION = YES;
				CLANG_WARN_INT_CONVERSION = YES;
				CLANG_WARN_OBJC_ROOT_CLASS = YES_ERROR;
				CLANG_WARN_SUSPICIOUS_MOVE = YES;
				CLANG_WARN_UNREACHABLE_CODE = YES;
				CLANG_WARN__DUPLICATE_METHOD_MATCH = YES;
				CODE_SIGN_IDENTITY = "-";
				COPY_PHASE_STRIP = NO;
				DEBUG_INFORMATION_FORMAT = dwarf;
				ENABLE_STRICT_OBJC_MSGSEND = YES;
				ENABLE_TESTABILITY = YES;
				GCC_C_LANGUAGE_STANDARD = gnu99;
				GCC_DYNAMIC_NO_PIC = NO;
				GCC_NO_COMMON_BLOCKS = YES;
				GCC_OPTIMIZATION_LEVEL = 0;
				GCC_PREPROCESSOR_DEFINITIONS = (
					"DEBUG=1",
					"$(inherited)",
				);
				GCC_WARN_64_TO_32_BIT_CONVERSION = YES;
				GCC_WARN_ABOUT_RETURN_TYPE = YES_ERROR;
				GCC_WARN_UNDECLARED_SELECTOR = YES;
				GCC_WARN_UNINITIALIZED_AUTOS = YES_AGGRESSIVE;
				GCC_WARN_UNUSED_FUNCTION = YES;
				GCC_WARN_UNUSED_VARIABLE = YES;
				MACOSX_DEPLOYMENT_TARGET = 10.9;
				MTL_ENABLE_DEBUG_INFO = YES;
				ONLY_ACTIVE_ARCH = YES;
				SDKROOT = macosx;
			};
			name = Debug;
		};
		9ACBD7FE1E281E8000C7EBD2 /* Release */ = {
			isa = XCBuildConfiguration;
			buildSettings = {
				ALWAYS_SEARCH_USER_PATHS = NO;
				CLANG_ANALYZER_LOCALIZABILITY_NONLOCALIZED = YES;
				CLANG_ANALYZER_NONNULL = YES;
				CLANG_CXX_LANGUAGE_STANDARD = "gnu++0x";
				CLANG_CXX_LIBRARY = "libstdc++";
				CLANG_ENABLE_MODULES = YES;
				CLANG_ENABLE_OBJC_ARC = YES;
				CLANG_WARN_BOOL_CONVERSION = YES;
				CLANG_WARN_CONSTANT_CONVERSION = YES;
				CLANG_WARN_DIRECT_OBJC_ISA_USAGE = YES_ERROR;
				CLANG_WARN_EMPTY_BODY = YES;
				CLANG_WARN_ENUM_CONVERSION = YES;
				CLANG_WARN_INFINITE_RECURSION = YES;
				CLANG_WARN_INT_CONVERSION = YES;
				CLANG_WARN_OBJC_ROOT_CLASS = YES_ERROR;
				CLANG_WARN_SUSPICIOUS_MOVE = YES;
				CLANG_WARN_UNREACHABLE_CODE = YES;
				CLANG_WARN__DUPLICATE_METHOD_MATCH = YES;
				CODE_SIGN_IDENTITY = "-";
				COPY_PHASE_STRIP = NO;
				DEBUG_INFORMATION_FORMAT = "dwarf-with-dsym";
				ENABLE_NS_ASSERTIONS = NO;
				ENABLE_STRICT_OBJC_MSGSEND = YES;
				GCC_C_LANGUAGE_STANDARD = gnu99;
				GCC_NO_COMMON_BLOCKS = YES;
				GCC_WARN_64_TO_32_BIT_CONVERSION = YES;
				GCC_WARN_ABOUT_RETURN_TYPE = YES_ERROR;
				GCC_WARN_UNDECLARED_SELECTOR = YES;
				GCC_WARN_UNINITIALIZED_AUTOS = YES_AGGRESSIVE;
				GCC_WARN_UNUSED_FUNCTION = YES;
				GCC_WARN_UNUSED_VARIABLE = YES;
				MACOSX_DEPLOYMENT_TARGET = 10.9;
				MTL_ENABLE_DEBUG_INFO = NO;
				SDKROOT = macosx;
			};
			name = Release;
		};
		9ACBD8001E281E8000C7EBD2 /* Debug */ = {
			isa = XCBuildConfiguration;
			buildSettings = {
				ASSETCATALOG_COMPILER_APPICON_NAME = AppIcon;
				CODE_SIGN_ENTITLEMENTS = "Dictionary Plus.entitlements";
				CODE_SIGN_IDENTITY = "Mac Developer";
				CODE_SIGN_STYLE = Manual;
				COMBINE_HIDPI_IMAGES = YES;
				DEVELOPMENT_TEAM = "";
				INFOPLIST_FILE = MultiDict/Info.plist;
				LD_RUNPATH_SEARCH_PATHS = "$(inherited) @executable_path/../Frameworks";
				PRODUCT_BUNDLE_IDENTIFIER = com.bigxsoft.DictMacEnEs;
				PRODUCT_NAME = "$(TARGET_NAME)";
				PROVISIONING_PROFILE_SPECIFIER = "";
			};
			name = Debug;
		};
		9ACBD8011E281E8000C7EBD2 /* Release */ = {
			isa = XCBuildConfiguration;
			buildSettings = {
				ASSETCATALOG_COMPILER_APPICON_NAME = AppIcon;
				CODE_SIGN_ENTITLEMENTS = "Dictionary Plus.entitlements";
				CODE_SIGN_IDENTITY = "Mac Developer";
				CODE_SIGN_STYLE = Manual;
				COMBINE_HIDPI_IMAGES = YES;
				DEVELOPMENT_TEAM = "";
				INFOPLIST_FILE = MultiDict/Info.plist;
				LD_RUNPATH_SEARCH_PATHS = "$(inherited) @executable_path/../Frameworks";
				PRODUCT_BUNDLE_IDENTIFIER = com.bigxsoft.DictMacEnEs;
				PRODUCT_NAME = "$(TARGET_NAME)";
				PROVISIONING_PROFILE_SPECIFIER = "";
			};
			name = Release;
		};
/* End XCBuildConfiguration section */

/* Begin XCConfigurationList section */
		9ACBD7E61E281E8000C7EBD2 /* Build configuration list for PBXProject "Dictionary Plus (En-Es)" */ = {
			isa = XCConfigurationList;
			buildConfigurations = (
				9ACBD7FD1E281E8000C7EBD2 /* Debug */,
				9ACBD7FE1E281E8000C7EBD2 /* Release */,
			);
			defaultConfigurationIsVisible = 0;
			defaultConfigurationName = Release;
		};
		9ACBD7FF1E281E8000C7EBD2 /* Build configuration list for PBXNativeTarget "Dictionary Plus" */ = {
			isa = XCConfigurationList;
			buildConfigurations = (
				9ACBD8001E281E8000C7EBD2 /* Debug */,
				9ACBD8011E281E8000C7EBD2 /* Release */,
			);
			defaultConfigurationIsVisible = 0;
			defaultConfigurationName = Release;
		};
/* End XCConfigurationList section */
	};
	rootObject = 9ACBD7E31E281E8000C7EBD2 /* Project object */;
}
